
Microsoft Visual Studio Solution File, Format Version 12.00
# Visual Studio Version 17
VisualStudioVersion = 17.6.33829.357
MinimumVisualStudioVersion = 10.0.40219.1
Project("{FAE04EC0-301F-11D3-BF4B-00C04F79EFBC}") = "ChallengeApp", "ChallengeApp\ChallengeApp.csproj", "{252BE1D2-85C3-4B9C-B5BF-181719D57015}"
EndProject
Global
	GlobalSection(SolutionConfigurationPlatforms) = preSolution
		Debug|Any CPU = Debug|Any CPU
		Release|Any CPU = Release|Any CPU
	EndGlobalSection
	GlobalSection(ProjectConfigurationPlatforms) = postSolution
		{252BE1D2-85C3-4B9C-B5BF-181719D57015}.Debug|Any CPU.ActiveCfg = Debug|Any CPU
		{252BE1D2-85C3-4B9C-B5BF-181719D57015}.Debug|Any CPU.Build.0 = Debug|Any CPU
		{252BE1D2-85C3-4B9C-B5BF-181719D57015}.Release|Any CPU.ActiveCfg = Release|Any CPU
		{252BE1D2-85C3-4B9C-B5BF-181719D57015}.Release|Any CPU.Build.0 = Release|Any CPU
	EndGlobalSection
	GlobalSection(SolutionProperties) = preSolution
		HideSolutionNode = FALSE
	EndGlobalSection
	GlobalSection(ExtensibilityGlobals) = postSolution
		SolutionGuid = {321A2729-A789-4791-8402-64D700BC0836}
	EndGlobalSection
EndGlobal
